Microsoft Visual Studio Solution File, Format Version 12.00
# Visual Studio Version 17
VisualStudioVersion = 17.5.2.0
MinimumVisualStudioVersion = 10.0.40219.1
Project("{FAE04EC0-301F-11D3-BF4B-00C04F79EFBC}") = "HydroBattery", "HydroBattery.csproj", "{8270EB73-0E4B-43ED-B654-2643DF4F479E}"
EndProject
Global
	GlobalSection(SolutionConfigurationPlatforms) = preSolution
		Debug|Any CPU = Debug|Any CPU
		Release|Any CPU = Release|Any CPU
	EndGlobalSection
	GlobalSection(ProjectConfigurationPlatforms) = postSolution
		{8270EB73-0E4B-43ED-B654-2643DF4F479E}.Debug|Any CPU.ActiveCfg = Debug|Any CPU
		{8270EB73-0E4B-43ED-B654-2643DF4F479E}.Debug|Any CPU.Build.0 = Debug|Any CPU
		{8270EB73-0E4B-43ED-B654-2643DF4F479E}.Release|Any CPU.ActiveCfg = Release|Any CPU
		{8270EB73-0E4B-43ED-B654-2643DF4F479E}.Release|Any CPU.Build.0 = Release|Any CPU
	EndGlobalSection
	GlobalSection(SolutionProperties) = preSolution
		HideSolutionNode = FALSE
	EndGlobalSection
	GlobalSection(ExtensibilityGlobals) = postSolution
		SolutionGuid = {3A272EEB-607C-4991-B84C-D2C3D3BDC425}
	EndGlobalSection
EndGlobal
